schema: '2.0'
stages:
  load_data:
    cmd: python src/load_data.py --config=params.yaml
    deps:
    - path: data_given/winequality.csv
      md5: ccc8d3507eb151f53f760d36abdef888
      size: 91998
    - path: src/get_data.py
      md5: f019d979f85cd65d270a7b44ebc33527
      size: 669
    - path: src/load_data.py
      md5: 7cb64d218937353451df0b7930940030
      size: 682
    outs:
    - path: data/raw/winequality.csv
      md5: d98e8f2eca228c11c4de1cc96866a54d
      size: 93598
  split_data:
    cmd: python src/split_data.py --config=params.yaml
    deps:
    - path: data/raw/winequality.csv
      md5: d98e8f2eca228c11c4de1cc96866a54d
      size: 93598
    - path: src/split_data.py
      md5: 4f4b74d99cf273dbad9fdd546ddfcbd0
      size: 968
    outs:
    - path: data/processed/test_winequality.csv
      md5: 6a7ada6ff371b60d75c88d71a8796c0c
      size: 18829
    - path: data/processed/train_winequality.csv
      md5: 044445cd5e74635cbc4bc854c4e93038
      size: 74915
  train_and_evaluate:
    cmd: python src/train_and_evaluate.py --config=params.yaml
    deps:
    - path: data/processed/test_winequality.csv
      md5: 6a7ada6ff371b60d75c88d71a8796c0c
      size: 18829
    - path: data/processed/train_winequality.csv
      md5: 044445cd5e74635cbc4bc854c4e93038
      size: 74915
    - path: src/train_and_evaluate.py
      md5: 11d9529d4a276be1f32805c26f92e4dc
      size: 2720
    params:
      params.yaml:
        estimators.ElasticNet.params.alpha: 0.9
        estimators.ElasticNet.params.l1_ratio: 0.4
    outs:
    - path: report/params.json
      md5: a4aab0167612f21a6085dd05cfafdbf6
      size: 44
    - path: report/scores.json
      md5: fc07dab7bd3f2425c6c3f1a42929c28c
      size: 100
    - path: saved_models/model.joblib
      md5: ee3e344170a0aa96dd14d5f9db394574
      size: 1316
